// !$*UTF8*$!
{
	archiveVersion = 1;
	classes = {
	};
	objectVersion = 46;
	objects = {

/* Begin PBXBuildFile section */
		51289C85333288D33A18FFF5 /* Pods_HugeBeer.framework in Frameworks */ = {isa = PBXBuildFile; fileRef = 366BF9A61A5D22322F3072C0 /* Pods_HugeBeer.framework */; };
		A0802F4C1C826D220095CED8 /* AppDelegate.swift in Sources */ = {isa = PBXBuildFile; fileRef = A0802F4B1C826D220095CED8 /* AppDelegate.swift */; };
		A0802F4E1C826D220095CED8 /* ViewController.swift in Sources */ = {isa = PBXBuildFile; fileRef = A0802F4D1C826D220095CED8 /* ViewController.swift */; };
		A0802F511C826D220095CED8 /* Main.storyboard in Resources */ = {isa = PBXBuildFile; fileRef = A0802F4F1C826D220095CED8 /* Main.storyboard */; };
		A0802F531C826D220095CED8 /* Assets.xcassets in Resources */ = {isa = PBXBuildFile; fileRef = A0802F521C826D220095CED8 /* Assets.xcassets */; };
		A0802F561C826D220095CED8 /* LaunchScreen.storyboard in Resources */ = {isa = PBXBuildFile; fileRef = A0802F541C826D220095CED8 /* LaunchScreen.storyboard */; };
		A0802F611C826D220095CED8 /* HugeBeerTests.swift in Sources */ = {isa = PBXBuildFile; fileRef = A0802F601C826D220095CED8 /* HugeBeerTests.swift */; };
		A0802F6C1C826D220095CED8 /* HugeBeerUITests.swift in Sources */ = {isa = PBXBuildFile; fileRef = A0802F6B1C826D220095CED8 /* HugeBeerUITests.swift */; };
		A0E8720C1C8284B40049ACD3 /* BubbleNode.swift in Sources */ = {isa = PBXBuildFile; fileRef = A0E8720A1C8284B30049ACD3 /* BubbleNode.swift */; };
		A0E8720D1C8284B40049ACD3 /* BubblesScene.swift in Sources */ = {isa = PBXBuildFile; fileRef = A0E8720B1C8284B30049ACD3 /* BubblesScene.swift */; };
/* End PBXBuildFile section */

/* Begin PBXContainerItemProxy section */
		A0802F5D1C826D220095CED8 /* PBXContainerItemProxy */ = {
			isa = PBXContainerItemProxy;
			containerPortal = A0802F401C826D220095CED8 /* Project object */;
			proxyType = 1;
			remoteGlobalIDString = A0802F471C826D220095CED8;
			remoteInfo = HugeBeer;
		};
		A0802F681C826D220095CED8 /* PBXContainerItemProxy */ = {
			isa = PBXContainerItemProxy;
			containerPortal = A0802F401C826D220095CED8 /* Project object */;
			proxyType = 1;
			remoteGlobalIDString = A0802F471C826D220095CED8;
			remoteInfo = HugeBeer;
		};
/* End PBXContainerItemProxy section */

/* Begin PBXFileReference section */
		0C7D4D4ECC14A477ED5CB4D8 /* Pods-HugeBeer.release.xcconfig */ = {isa = PBXFileReference; includeInIndex = 1; lastKnownFileType = text.xcconfig; name = "Pods-HugeBeer.release.xcconfig"; path = "Pods/Target Support Files/Pods-HugeBeer/Pods-HugeBeer.release.xcconfig"; sourceTree = "<group>"; };
		366BF9A61A5D22322F3072C0 /* Pods_HugeBeer.framework */ = {isa = PBXFileReference; explicitFileType = wrapper.framework; includeInIndex = 0; path = Pods_HugeBeer.framework; sourceTree = BUILT_PRODUCTS_DIR; };
		A0802F481C826D220095CED8 /* HugeBeer.app */ = {isa = PBXFileReference; explicitFileType = wrapper.application; includeInIndex = 0; path = HugeBeer.app; sourceTree = BUILT_PRODUCTS_DIR; };
		A0802F4B1C826D220095CED8 /* AppDelegate.swift */ = {isa = PBXFileReference; lastKnownFileType = sourcecode.swift; path = AppDelegate.swift; sourceTree = "<group>"; };
		A0802F4D1C826D220095CED8 /* ViewController.swift */ = {isa = PBXFileReference; lastKnownFileType = sourcecode.swift; path = ViewController.swift; sourceTree = "<group>"; };
		A0802F501C826D220095CED8 /* Base */ = {isa = PBXFileReference; lastKnownFileType = file.storyboard; name = Base; path = Base.lproj/Main.storyboard; sourceTree = "<group>"; };
		A0802F521C826D220095CED8 /* Assets.xcassets */ = {isa = PBXFileReference; lastKnownFileType = folder.assetcatalog; path = Assets.xcassets; sourceTree = "<group>"; };
		A0802F551C826D220095CED8 /* Base */ = {isa = PBXFileReference; lastKnownFileType = file.storyboard; name = Base; path = Base.lproj/LaunchScreen.storyboard; sourceTree = "<group>"; };
		A0802F571C826D220095CED8 /* Info.plist */ = {isa = PBXFileReference; lastKnownFileType = text.plist.xml; path = Info.plist; sourceTree = "<group>"; };
		A0802F5C1C826D220095CED8 /* HugeBeerTests.xctest */ = {isa = PBXFileReference; explicitFileType = wrapper.cfbundle; includeInIndex = 0; path = HugeBeerTests.xctest; sourceTree = BUILT_PRODUCTS_DIR; };
		A0802F601C826D220095CED8 /* HugeBeerTests.swift */ = {isa = PBXFileReference; lastKnownFileType = sourcecode.swift; path = HugeBeerTests.swift; sourceTree = "<group>"; };
		A0802F621C826D220095CED8 /* Info.plist */ = {isa = PBXFileReference; lastKnownFileType = text.plist.xml; path = Info.plist; sourceTree = "<group>"; };
		A0802F671C826D220095CED8 /* HugeBeerUITests.xctest */ = {isa = PBXFileReference; explicitFileType = wrapper.cfbundle; includeInIndex = 0; path = HugeBeerUITests.xctest; sourceTree = BUILT_PRODUCTS_DIR; };
		A0802F6B1C826D220095CED8 /* HugeBeerUITests.swift */ = {isa = PBXFileReference; lastKnownFileType = sourcecode.swift; path = HugeBeerUITests.swift; sourceTree = "<group>"; };
		A0802F6D1C826D220095CED8 /* Info.plist */ = {isa = PBXFileReference; lastKnownFileType = text.plist.xml; path = Info.plist; sourceTree = "<group>"; };
		A0E8720A1C8284B30049ACD3 /* BubbleNode.swift */ = {isa = PBXFileReference; fileEncoding = 4; lastKnownFileType = sourcecode.swift; path = BubbleNode.swift; sourceTree = "<group>"; };
		A0E8720B1C8284B30049ACD3 /* BubblesScene.swift */ = {isa = PBXFileReference; fileEncoding = 4; lastKnownFileType = sourcecode.swift; path = BubblesScene.swift; sourceTree = "<group>"; };
		BCE225DCE2F398C454538B89 /* Pods-HugeBeer.debug.xcconfig */ = {isa = PBXFileReference; includeInIndex = 1; lastKnownFileType = text.xcconfig; name = "Pods-HugeBeer.debug.xcconfig"; path = "Pods/Target Support Files/Pods-HugeBeer/Pods-HugeBeer.debug.xcconfig"; sourceTree = "<group>"; };
/* End PBXFileReference section */

/* Begin PBXFrameworksBuildPhase section */
		A0802F451C826D220095CED8 /* Frameworks */ = {
			isa = PBXFrameworksBuildPhase;
			buildActionMask = 2147483647;
			files = (
				51289C85333288D33A18FFF5 /* Pods_HugeBeer.framework in Frameworks */,
			);
			runOnlyForDeploymentPostprocessing = 0;
		};
		A0802F591C826D220095CED8 /* Frameworks */ = {
			isa = PBXFrameworksBuildPhase;
			buildActionMask = 2147483647;
			files = (
			);
			runOnlyForDeploymentPostprocessing = 0;
		};
		A0802F641C826D220095CED8 /* Frameworks */ = {
			isa = PBXFrameworksBuildPhase;
			buildActionMask = 2147483647;
			files = (
			);
			runOnlyForDeploymentPostprocessing = 0;
		};
/* End PBXFrameworksBuildPhase section */

/* Begin PBXGroup section */
		A0802F3F1C826D220095CED8 = {
			isa = PBXGroup;
			children = (
				A0802F4A1C826D220095CED8 /* HugeBeer */,
				A0802F5F1C826D220095CED8 /* HugeBeerTests */,
				A0802F6A1C826D220095CED8 /* HugeBeerUITests */,
				A0802F491C826D220095CED8 /* Products */,
				D01AF22267B4A150DFFA7F6A /* Pods */,
				F5D201EFB556177617C2513E /* Frameworks */,
			);
			sourceTree = "<group>";
		};
		A0802F491C826D220095CED8 /* Products */ = {
			isa = PBXGroup;
			children = (
				A0802F481C826D220095CED8 /* HugeBeer.app */,
				A0802F5C1C826D220095CED8 /* HugeBeerTests.xctest */,
				A0802F671C826D220095CED8 /* HugeBeerUITests.xctest */,
			);
			name = Products;
			sourceTree = "<group>";
		};
		A0802F4A1C826D220095CED8 /* HugeBeer */ = {
			isa = PBXGroup;
			children = (
				A0802F4B1C826D220095CED8 /* AppDelegate.swift */,
				A0E872081C8284990049ACD3 /* Classes */,
				A0E8720E1C8285B80049ACD3 /* ViewControllers */,
				A0E872101C8285F80049ACD3 /* UI */,
				A0802F571C826D220095CED8 /* Info.plist */,
			);
			path = HugeBeer;
			sourceTree = "<group>";
		};
		A0802F5F1C826D220095CED8 /* HugeBeerTests */ = {
			isa = PBXGroup;
			children = (
				A0802F601C826D220095CED8 /* HugeBeerTests.swift */,
				A0802F621C826D220095CED8 /* Info.plist */,
			);
			path = HugeBeerTests;
			sourceTree = "<group>";
		};
		A0802F6A1C826D220095CED8 /* HugeBeerUITests */ = {
			isa = PBXGroup;
			children = (
				A0802F6B1C826D220095CED8 /* HugeBeerUITests.swift */,
				A0802F6D1C826D220095CED8 /* Info.plist */,
			);
			path = HugeBeerUITests;
			sourceTree = "<group>";
		};
		A0E872081C8284990049ACD3 /* Classes */ = {
			isa = PBXGroup;
			children = (
				A0E872091C82849C0049ACD3 /* Bubbles */,
			);
			name = Classes;
			sourceTree = "<group>";
		};
		A0E872091C82849C0049ACD3 /* Bubbles */ = {
			isa = PBXGroup;
			children = (
				A0E8720A1C8284B30049ACD3 /* BubbleNode.swift */,
				A0E8720B1C8284B30049ACD3 /* BubblesScene.swift */,
			);
			name = Bubbles;
			sourceTree = "<group>";
		};
		A0E8720E1C8285B80049ACD3 /* ViewControllers */ = {
			isa = PBXGroup;
			children = (
				A0E8720F1C8285EE0049ACD3 /* LoginViewController */,
			);
			name = ViewControllers;
			sourceTree = "<group>";
		};
		A0E8720F1C8285EE0049ACD3 /* LoginViewController */ = {
			isa = PBXGroup;
			children = (
				A0802F4D1C826D220095CED8 /* ViewController.swift */,
			);
			name = LoginViewController;
			sourceTree = "<group>";
		};
		A0E872101C8285F80049ACD3 /* UI */ = {
			isa = PBXGroup;
			children = (
				A0802F4F1C826D220095CED8 /* Main.storyboard */,
				A0802F541C826D220095CED8 /* LaunchScreen.storyboard */,
				A0802F521C826D220095CED8 /* Assets.xcassets */,
			);
			name = UI;
			sourceTree = "<group>";
		};
		D01AF22267B4A150DFFA7F6A /* Pods */ = {
			isa = PBXGroup;
			children = (
				BCE225DCE2F398C454538B89 /* Pods-HugeBeer.debug.xcconfig */,
				0C7D4D4ECC14A477ED5CB4D8 /* Pods-HugeBeer.release.xcconfig */,
			);
			name = Pods;
			sourceTree = "<group>";
		};
		F5D201EFB556177617C2513E /* Frameworks */ = {
			isa = PBXGroup;
			children = (
				366BF9A61A5D22322F3072C0 /* Pods_HugeBeer.framework */,
			);
			name = Frameworks;
			sourceTree = "<group>";
		};
/* End PBXGroup section */

/* Begin PBXNativeTarget section */
		A0802F471C826D220095CED8 /* HugeBeer */ = {
			isa = PBXNativeTarget;
			buildConfigurationList = A0802F701C826D220095CED8 /* Build configuration list for PBXNativeTarget "HugeBeer" */;
			buildPhases = (
				CD2414ECCD8205184BAF1E17 /* Check Pods Manifest.lock */,
				A0802F441C826D220095CED8 /* Sources */,
				A0802F451C826D220095CED8 /* Frameworks */,
				A0802F461C826D220095CED8 /* Resources */,
				C28697D9EB915BD2B5926F42 /* Embed Pods Frameworks */,
				132E9D445C1D742E7DFB16CE /* Copy Pods Resources */,
			);
			buildRules = (
			);
			dependencies = (
			);
			name = HugeBeer;
			productName = HugeBeer;
			productReference = A0802F481C826D220095CED8 /* HugeBeer.app */;
			productType = "com.apple.product-type.application";
		};
		A0802F5B1C826D220095CED8 /* HugeBeerTests */ = {
			isa = PBXNativeTarget;
			buildConfigurationList = A0802F731C826D220095CED8 /* Build configuration list for PBXNativeTarget "HugeBeerTests" */;
			buildPhases = (
				A0802F581C826D220095CED8 /* Sources */,
				A0802F591C826D220095CED8 /* Frameworks */,
				A0802F5A1C826D220095CED8 /* Resources */,
			);
			buildRules = (
			);
			dependencies = (
				A0802F5E1C826D220095CED8 /* PBXTargetDependency */,
			);
			name = HugeBeerTests;
			productName = HugeBeerTests;
			productReference = A0802F5C1C826D220095CED8 /* HugeBeerTests.xctest */;
			productType = "com.apple.product-type.bundle.unit-test";
		};
		A0802F661C826D220095CED8 /* HugeBeerUITests */ = {
			isa = PBXNativeTarget;
			buildConfigurationList = A0802F761C826D220095CED8 /* Build configuration list for PBXNativeTarget "HugeBeerUITests" */;
			buildPhases = (
				A0802F631C826D220095CED8 /* Sources */,
				A0802F641C826D220095CED8 /* Frameworks */,
				A0802F651C826D220095CED8 /* Resources */,
			);
			buildRules = (
			);
			dependencies = (
				A0802F691C826D220095CED8 /* PBXTargetDependency */,
			);
			name = HugeBeerUITests;
			productName = HugeBeerUITests;
			productReference = A0802F671C826D220095CED8 /* HugeBeerUITests.xctest */;
			productType = "com.apple.product-type.bundle.ui-testing";
		};
/* End PBXNativeTarget section */

/* Begin PBXProject section */
		A0802F401C826D220095CED8 /* Project object */ = {
			isa = PBXProject;
			attributes = {
				LastSwiftUpdateCheck = 0720;
				LastUpgradeCheck = 0720;
				ORGANIZATIONNAME = Yamblet;
				TargetAttributes = {
					A0802F471C826D220095CED8 = {
						CreatedOnToolsVersion = 7.2.1;
					};
					A0802F5B1C826D220095CED8 = {
						CreatedOnToolsVersion = 7.2.1;
						TestTargetID = A0802F471C826D220095CED8;
					};
					A0802F661C826D220095CED8 = {
						CreatedOnToolsVersion = 7.2.1;
						TestTargetID = A0802F471C826D220095CED8;
					};
				};
			};
			buildConfigurationList = A0802F431C826D220095CED8 /* Build configuration list for PBXProject "HugeBeer" */;
			compatibilityVersion = "Xcode 3.2";
			developmentRegion = English;
			hasScannedForEncodings = 0;
			knownRegions = (
				en,
				Base,
			);
			mainGroup = A0802F3F1C826D220095CED8;
			productRefGroup = A0802F491C826D220095CED8 /* Products */;
			projectDirPath = "";
			projectRoot = "";
			targets = (
				A0802F471C826D220095CED8 /* HugeBeer */,
				A0802F5B1C826D220095CED8 /* HugeBeerTests */,
				A0802F661C826D220095CED8 /* HugeBeerUITests */,
			);
		};
/* End PBXProject section */

/* Begin PBXResourcesBuildPhase section */
		A0802F461C826D220095CED8 /* Resources */ = {
			isa = PBXResourcesBuildPhase;
			buildActionMask = 2147483647;
			files = (
				A0802F561C826D220095CED8 /* LaunchScreen.storyboard in Resources */,
				A0802F531C826D220095CED8 /* Assets.xcassets in Resources */,
				A0802F511C826D220095CED8 /* Main.storyboard in Resources */,
			);
			runOnlyForDeploymentPostprocessing = 0;
		};
		A0802F5A1C826D220095CED8 /* Resources */ = {
			isa = PBXResourcesBuildPhase;
			buildActionMask = 2147483647;
			files = (
			);
			runOnlyForDeploymentPostprocessing = 0;
		};
		A0802F651C826D220095CED8 /* Resources */ = {
			isa = PBXResourcesBuildPhase;
			buildActionMask = 2147483647;
			files = (
			);
			runOnlyForDeploymentPostprocessing = 0;
		};
/* End PBXResourcesBuildPhase section */

/* Begin PBXShellScriptBuildPhase section */
		132E9D445C1D742E7DFB16CE /* Copy Pods Resources */ = {
			isa = PBXShellScriptBuildPhase;
			buildActionMask = 2147483647;
			files = (
			);
			inputPaths = (
			);
			name = "Copy Pods Resources";
			outputPaths = (
			);
			runOnlyForDeploymentPostprocessing = 0;
			shellPath = /bin/sh;
			shellScript = "\"${SRCROOT}/Pods/Target Support Files/Pods-HugeBeer/Pods-HugeBeer-resources.sh\"\n";
			showEnvVarsInLog = 0;
		};
		C28697D9EB915BD2B5926F42 /* Embed Pods Frameworks */ = {
			isa = PBXShellScriptBuildPhase;
			buildActionMask = 2147483647;
			files = (
			);
			inputPaths = (
			);
			name = "Embed Pods Frameworks";
			outputPaths = (
			);
			runOnlyForDeploymentPostprocessing = 0;
			shellPath = /bin/sh;
			shellScript = "\"${SRCROOT}/Pods/Target Support Files/Pods-HugeBeer/Pods-HugeBeer-frameworks.sh\"\n";
			showEnvVarsInLog = 0;
		};
		CD2414ECCD8205184BAF1E17 /* Check Pods Manifest.lock */ = {
			isa = PBXShellScriptBuildPhase;
			buildActionMask = 2147483647;
			files = (
			);
			inputPaths = (
			);
			name = "Check Pods Manifest.lock";
			outputPaths = (
			);
			runOnlyForDeploymentPostprocessing = 0;
			shellPath = /bin/sh;
			shellScript = "diff \"${PODS_ROOT}/../Podfile.lock\" \"${PODS_ROOT}/Manifest.lock\" > /dev/null\nif [[ $? != 0 ]] ; then\n    cat << EOM\nerror: The sandbox is not in sync with the Podfile.lock. Run 'pod install' or update your CocoaPods installation.\nEOM\n    exit 1\nfi\n";
			showEnvVarsInLog = 0;
		};
/* End PBXShellScriptBuildPhase section */

/* Begin PBXSourcesBuildPhase section */
		A0802F441C826D220095CED8 /* Sources */ = {
			isa = PBXSourcesBuildPhase;
			buildActionMask = 2147483647;
			files = (
				A0E8720C1C8284B40049ACD3 /* BubbleNode.swift in Sources */,
				A0802F4E1C826D220095CED8 /* ViewController.swift in Sources */,
				A0E8720D1C8284B40049ACD3 /* BubblesScene.swift in Sources */,
				A0802F4C1C826D220095CED8 /* AppDelegate.swift in Sources */,
			);
			runOnlyForDeploymentPostprocessing = 0;
		};
		A0802F581C826D220095CED8 /* Sources */ = {
			isa = PBXSourcesBuildPhase;
			buildActionMask = 2147483647;
			files = (
				A0802F611C826D220095CED8 /* HugeBeerTests.swift in Sources */,
			);
			runOnlyForDeploymentPostprocessing = 0;
		};
		A0802F631C826D220095CED8 /* Sources */ = {
			isa = PBXSourcesBuildPhase;
			buildActionMask = 2147483647;
			files = (
				A0802F6C1C826D220095CED8 /* HugeBeerUITests.swift in Sources */,
			);
			runOnlyForDeploymentPostprocessing = 0;
		};
/* End PBXSourcesBuildPhase section */

/* Begin PBXTargetDependency section */
		A0802F5E1C826D220095CED8 /* PBXTargetDependency */ = {
			isa = PBXTargetDependency;
			target = A0802F471C826D220095CED8 /* HugeBeer */;
			targetProxy = A0802F5D1C826D220095CED8 /* PBXContainerItemProxy */;
		};
		A0802F691C826D220095CED8 /* PBXTargetDependency */ = {
			isa = PBXTargetDependency;
			target = A0802F471C826D220095CED8 /* HugeBeer */;
			targetProxy = A0802F681C826D220095CED8 /* PBXContainerItemProxy */;
		};
/* End PBXTargetDependency section */

/* Begin PBXVariantGroup section */
		A0802F4F1C826D220095CED8 /* Main.storyboard */ = {
			isa = PBXVariantGroup;
			children = (
				A0802F501C826D220095CED8 /* Base */,
			);
			name = Main.storyboard;
			sourceTree = "<group>";
		};
		A0802F541C826D220095CED8 /* LaunchScreen.storyboard */ = {
			isa = PBXVariantGroup;
			children = (
				A0802F551C826D220095CED8 /* Base */,
			);
			name = LaunchScreen.storyboard;
			sourceTree = "<group>";
		};
/* End PBXVariantGroup section */

/* Begin XCBuildConfiguration section */
		A0802F6E1C826D220095CED8 /* Debug */ = {
			isa = XCBuildConfiguration;
			buildSettings = {
				ALWAYS_SEARCH_USER_PATHS = NO;
				CLANG_CXX_LANGUAGE_STANDARD = "gnu++0x";
				CLANG_CXX_LIBRARY = "libc++";
				CLANG_ENABLE_MODULES = YES;
				CLANG_ENABLE_OBJC_ARC = YES;
				CLANG_WARN_BOOL_CONVERSION = YES;
				CLANG_WARN_CONSTANT_CONVERSION = YES;
				CLANG_WARN_DIRECT_OBJC_ISA_USAGE = YES_ERROR;
				CLANG_WARN_EMPTY_BODY = YES;
				CLANG_WARN_ENUM_CONVERSION = YES;
				CLANG_WARN_INT_CONVERSION = YES;
				CLANG_WARN_OBJC_ROOT_CLASS = YES_ERROR;
				CLANG_WARN_UNREACHABLE_CODE = YES;
				CLANG_WARN__DUPLICATE_METHOD_MATCH = YES;
				"CODE_SIGN_IDENTITY[sdk=iphoneos*]" = "iPhone Developer";
				COPY_PHASE_STRIP = NO;
				DEBUG_INFORMATION_FORMAT = dwarf;
				ENABLE_STRICT_OBJC_MSGSEND = YES;
				ENABLE_TESTABILITY = YES;
				GCC_C_LANGUAGE_STANDARD = gnu99;
				GCC_DYNAMIC_NO_PIC = NO;
				GCC_NO_COMMON_BLOCKS = YES;
				GCC_OPTIMIZATION_LEVEL = 0;
				GCC_PREPROCESSOR_DEFINITIONS = (
					"DEBUG=1",
					"$(inherited)",
				);
				GCC_WARN_64_TO_32_BIT_CONVERSION = YES;
				GCC_WARN_ABOUT_RETURN_TYPE = YES_ERROR;
				GCC_WARN_UNDECLARED_SELECTOR = YES;
				GCC_WARN_UNINITIALIZED_AUTOS = YES_AGGRESSIVE;
				GCC_WARN_UNUSED_FUNCTION = YES;
				GCC_WARN_UNUSED_VARIABLE = YES;
				IPHONEOS_DEPLOYMENT_TARGET = 9.2;
				MTL_ENABLE_DEBUG_INFO = YES;
				ONLY_ACTIVE_ARCH = YES;
				SDKROOT = iphoneos;
				SWIFT_OPTIMIZATION_LEVEL = "-Onone";
			};
			name = Debug;
		};
		A0802F6F1C826D220095CED8 /* Release */ = {
			isa = XCBuildConfiguration;
			buildSettings = {
				ALWAYS_SEARCH_USER_PATHS = NO;
				CLANG_CXX_LANGUAGE_STANDARD = "gnu++0x";
				CLANG_CXX_LIBRARY = "libc++";
				CLANG_ENABLE_MODULES = YES;
				CLANG_ENABLE_OBJC_ARC = YES;
				CLANG_WARN_BOOL_CONVERSION = YES;
				CLANG_WARN_CONSTANT_CONVERSION = YES;
				CLANG_WARN_DIRECT_OBJC_ISA_USAGE = YES_ERROR;
				CLANG_WARN_EMPTY_BODY = YES;
				CLANG_WARN_ENUM_CONVERSION = YES;
				CLANG_WARN_INT_CONVERSION = YES;
				CLANG_WARN_OBJC_ROOT_CLASS = YES_ERROR;
				CLANG_WARN_UNREACHABLE_CODE = YES;
				CLANG_WARN__DUPLICATE_METHOD_MATCH = YES;
				"CODE_SIGN_IDENTITY[sdk=iphoneos*]" = "iPhone Developer";
				COPY_PHASE_STRIP = NO;
				DEBUG_INFORMATION_FORMAT = "dwarf-with-dsym";
				ENABLE_NS_ASSERTIONS = NO;
				ENABLE_STRICT_OBJC_MSGSEND = YES;
				GCC_C_LANGUAGE_STANDARD = gnu99;
				GCC_NO_COMMON_BLOCKS = YES;
				GCC_WARN_64_TO_32_BIT_CONVERSION = YES;
				GCC_WARN_ABOUT_RETURN_TYPE = YES_ERROR;
				GCC_WARN_UNDECLARED_SELECTOR = YES;
				GCC_WARN_UNINITIALIZED_AUTOS = YES_AGGRESSIVE;
				GCC_WARN_UNUSED_FUNCTION = YES;
				GCC_WARN_UNUSED_VARIABLE = YES;
				IPHONEOS_DEPLOYMENT_TARGET = 9.2;
				MTL_ENABLE_DEBUG_INFO = NO;
				SDKROOT = iphoneos;
				VALIDATE_PRODUCT = YES;
			};
			name = Release;
		};
		A0802F711C826D220095CED8 /* Debug */ = {
			isa = XCBuildConfiguration;
			baseConfigurationReference = BCE225DCE2F398C454538B89 /* Pods-HugeBeer.debug.xcconfig */;
			buildSettings = {
				ASSETCATALOG_COMPILER_APPICON_NAME = AppIcon;
				INFOPLIST_FILE = HugeBeer/Info.plist;
				LD_RUNPATH_SEARCH_PATHS = "$(inherited) @executable_path/Frameworks";
				PRODUCT_BUNDLE_IDENTIFIER = com.yamblet.HugeBeer;
				PRODUCT_NAME = "$(TARGET_NAME)";
			};
			name = Debug;
		};
		A0802F721C826D220095CED8 /* Release */ = {
			isa = XCBuildConfiguration;
			baseConfigurationReference = 0C7D4D4ECC14A477ED5CB4D8 /* Pods-HugeBeer.release.xcconfig */;
			buildSettings = {
				ASSETCATALOG_COMPILER_APPICON_NAME = AppIcon;
				INFOPLIST_FILE = HugeBeer/Info.plist;
				LD_RUNPATH_SEARCH_PATHS = "$(inherited) @executable_path/Frameworks";
				PRODUCT_BUNDLE_IDENTIFIER = com.yamblet.HugeBeer;
				PRODUCT_NAME = "$(TARGET_NAME)";
			};
			name = Release;
		};
		A0802F741C826D220095CED8 /* Debug */ = {
			isa = XCBuildConfiguration;
			buildSettings = {
				BUNDLE_LOADER = "$(TEST_HOST)";
				INFOPLIST_FILE = HugeBeerTests/Info.plist;
				LD_RUNPATH_SEARCH_PATHS = "$(inherited) @executable_path/Frameworks @loader_path/Frameworks";
				PRODUCT_BUNDLE_IDENTIFIER = com.yamblet.HugeBeerTests;
				PRODUCT_NAME = "$(TARGET_NAME)";
				TEST_HOST = "$(BUILT_PRODUCTS_DIR)/HugeBeer.app/HugeBeer";
			};
			name = Debug;
		};
		A0802F751C826D220095CED8 /* Release */ = {
			isa = XCBuildConfiguration;
			buildSettings = {
				BUNDLE_LOADER = "$(TEST_HOST)";
				INFOPLIST_FILE = HugeBeerTests/Info.plist;
				LD_RUNPATH_SEARCH_PATHS = "$(inherited) @executable_path/Frameworks @loader_path/Frameworks";
				PRODUCT_BUNDLE_IDENTIFIER = com.yamblet.HugeBeerTests;
				PRODUCT_NAME = "$(TARGET_NAME)";
				TEST_HOST = "$(BUILT_PRODUCTS_DIR)/HugeBeer.app/HugeBeer";
			};
			name = Release;
		};
		A0802F771C826D220095CED8 /* Debug */ = {
			isa = XCBuildConfiguration;
			buildSettings = {
				INFOPLIST_FILE = HugeBeerUITests/Info.plist;
				LD_RUNPATH_SEARCH_PATHS = "$(inherited) @executable_path/Frameworks @loader_path/Frameworks";
				PRODUCT_BUNDLE_IDENTIFIER = com.yamblet.HugeBeerUITests;
				PRODUCT_NAME = "$(TARGET_NAME)";
				TEST_TARGET_NAME = HugeBeer;
				USES_XCTRUNNER = YES;
			};
			name = Debug;
		};
		A0802F781C826D220095CED8 /* Release */ = {
			isa = XCBuildConfiguration;
			buildSettings = {
				INFOPLIST_FILE = HugeBeerUITests/Info.plist;
				LD_RUNPATH_SEARCH_PATHS = "$(inherited) @executable_path/Frameworks @loader_path/Frameworks";
				PRODUCT_BUNDLE_IDENTIFIER = com.yamblet.HugeBeerUITests;
				PRODUCT_NAME = "$(TARGET_NAME)";
				TEST_TARGET_NAME = HugeBeer;
				USES_XCTRUNNER = YES;
			};
			name = Release;
		};
/* End XCBuildConfiguration section */

/* Begin XCConfigurationList section */
		A0802F431C826D220095CED8 /* Build configuration list for PBXProject "HugeBeer" */ = {
			isa = XCConfigurationList;
			buildConfigurations = (
				A0802F6E1C826D220095CED8 /* Debug */,
				A0802F6F1C826D220095CED8 /* Release */,
			);
			defaultConfigurationIsVisible = 0;
			defaultConfigurationName = Release;
		};
		A0802F701C826D220095CED8 /* Build configuration list for PBXNativeTarget "HugeBeer" */ = {
			isa = XCConfigurationList;
			buildConfigurations = (
				A0802F711C826D220095CED8 /* Debug */,
				A0802F721C826D220095CED8 /* Release */,
			);
			defaultConfigurationIsVisible = 0;
			defaultConfigurationName = Release;
		};
		A0802F731C826D220095CED8 /* Build configuration list for PBXNativeTarget "HugeBeerTests" */ = {
			isa = XCConfigurationList;
			buildConfigurations = (
				A0802F741C826D220095CED8 /* Debug */,
				A0802F751C826D220095CED8 /* Release */,
			);
			defaultConfigurationIsVisible = 0;
			defaultConfigurationName = Release;
		};
		A0802F761C826D220095CED8 /* Build configuration list for PBXNativeTarget "HugeBeerUITests" */ = {
			isa = XCConfigurationList;
			buildConfigurations = (
				A0802F771C826D220095CED8 /* Debug */,
				A0802F781C826D220095CED8 /* Release */,
			);
			defaultConfigurationIsVisible = 0;
			defaultConfigurationName = Release;
		};
/* End XCConfigurationList section */
	};
	rootObject = A0802F401C826D220095CED8 /* Project object */;
}
